
Microsoft Visual Studio Solution File, Format Version 12.00
# Visual Studio Version 17
VisualStudioVersion = 17.0.31612.314
MinimumVisualStudioVersion = 10.0.40219.1
Project("{2150E333-8FDC-42A3-9474-1A3956D46DE8}") = "src", "src", "{F139D8CA-01BC-4477-8C60-D253B2750A5E}"
EndProject
Project("{FAE04EC0-301F-11D3-BF4B-00C04F79EFBC}") = "Basille.AspNetCore", "src\Basille.AspNetCore\Basille.AspNetCore.csproj", "{7B5AD6C9-B892-4AE6-A957-60869C3BC655}"
EndProject
Global
	GlobalSection(SolutionConfigurationPlatforms) = preSolution
		Debug|Any CPU = Debug|Any CPU
		Release|Any CPU = Release|Any CPU
	EndGlobalSection
	GlobalSection(ProjectConfigurationPlatforms) = postSolution
		{7B5AD6C9-B892-4AE6-A957-60869C3BC655}.Debug|Any CPU.ActiveCfg = Debug|Any CPU
		{7B5AD6C9-B892-4AE6-A957-60869C3BC655}.Debug|Any CPU.Build.0 = Debug|Any CPU
		{7B5AD6C9-B892-4AE6-A957-60869C3BC655}.Release|Any CPU.ActiveCfg = Release|Any CPU
		{7B5AD6C9-B892-4AE6-A957-60869C3BC655}.Release|Any CPU.Build.0 = Release|Any CPU
	EndGlobalSection
	GlobalSection(SolutionProperties) = preSolution
		HideSolutionNode = FALSE
	EndGlobalSection
	GlobalSection(NestedProjects) = preSolution
		{7B5AD6C9-B892-4AE6-A957-60869C3BC655} = {F139D8CA-01BC-4477-8C60-D253B2750A5E}
	EndGlobalSection
	GlobalSection(ExtensibilityGlobals) = postSolution
		SolutionGuid = {67364156-94CD-44A9-979A-BA5F1BFBD600}
	EndGlobalSection
EndGlobal
